// !$*UTF8*$!
{
	archiveVersion = 1;
	classes = {
	};
	objectVersion = 46;
	objects = {

/* Begin PBXBuildFile section */
		2F43687F1F5D874F00187C6A /* AppDelegate.swift in Sources */ = {isa = PBXBuildFile; fileRef = 2F43687E1F5D874F00187C6A /* AppDelegate.swift */; };
		2F4368811F5D874F00187C6A /* ViewController.swift in Sources */ = {isa = PBXBuildFile; fileRef = 2F4368801F5D874F00187C6A /* ViewController.swift */; };
		2F4368841F5D874F00187C6A /* Main.storyboard in Resources */ = {isa = PBXBuildFile; fileRef = 2F4368821F5D874F00187C6A /* Main.storyboard */; };
		2F4368861F5D874F00187C6A /* Assets.xcassets in Resources */ = {isa = PBXBuildFile; fileRef = 2F4368851F5D874F00187C6A /* Assets.xcassets */; };
		2F4368891F5D874F00187C6A /* LaunchScreen.storyboard in Resources */ = {isa = PBXBuildFile; fileRef = 2F4368871F5D874F00187C6A /* LaunchScreen.storyboard */; };
		2F4368941F5D874F00187C6A /* UpComingTestTests.swift in Sources */ = {isa = PBXBuildFile; fileRef = 2F4368931F5D874F00187C6A /* UpComingTestTests.swift */; };
/* End PBXBuildFile section */

/* Begin PBXContainerItemProxy section */
		2F4368901F5D874F00187C6A /* PBXContainerItemProxy */ = {
			isa = PBXContainerItemProxy;
			containerPortal = 2F4368731F5D874F00187C6A /* Project object */;
			proxyType = 1;
			remoteGlobalIDString = 2F43687A1F5D874F00187C6A;
			remoteInfo = UpComingTest;
		};
/* End PBXContainerItemProxy section */

/* Begin PBXFileReference section */
		2F43687B1F5D874F00187C6A /* UpComingTest.app */ = {isa = PBXFileReference; explicitFileType = wrapper.application; includeInIndex = 0; path = UpComingTest.app; sourceTree = BUILT_PRODUCTS_DIR; };
		2F43687E1F5D874F00187C6A /* AppDelegate.swift */ = {isa = PBXFileReference; lastKnownFileType = sourcecode.swift; path = AppDelegate.swift; sourceTree = "<group>"; };
		2F4368801F5D874F00187C6A /* ViewController.swift */ = {isa = PBXFileReference; lastKnownFileType = sourcecode.swift; path = ViewController.swift; sourceTree = "<group>"; };
		2F4368831F5D874F00187C6A /* Base */ = {isa = PBXFileReference; lastKnownFileType = file.storyboard; name = Base; path = Base.lproj/Main.storyboard; sourceTree = "<group>"; };
		2F4368851F5D874F00187C6A /* Assets.xcassets */ = {isa = PBXFileReference; lastKnownFileType = folder.assetcatalog; path = Assets.xcassets; sourceTree = "<group>"; };
		2F4368881F5D874F00187C6A /* Base */ = {isa = PBXFileReference; lastKnownFileType = file.storyboard; name = Base; path = Base.lproj/LaunchScreen.storyboard; sourceTree = "<group>"; };
		2F43688A1F5D874F00187C6A /* Info.plist */ = {isa = PBXFileReference; lastKnownFileType = text.plist.xml; path = Info.plist; sourceTree = "<group>"; };
		2F43688F1F5D874F00187C6A /* UpComingTestTests.xctest */ = {isa = PBXFileReference; explicitFileType = wrapper.cfbundle; includeInIndex = 0; path = UpComingTestTests.xctest; sourceTree = BUILT_PRODUCTS_DIR; };
		2F4368931F5D874F00187C6A /* UpComingTestTests.swift */ = {isa = PBXFileReference; lastKnownFileType = sourcecode.swift; path = UpComingTestTests.swift; sourceTree = "<group>"; };
		2F4368951F5D874F00187C6A /* Info.plist */ = {isa = PBXFileReference; lastKnownFileType = text.plist.xml; path = Info.plist; sourceTree = "<group>"; };
/* End PBXFileReference section */

/* Begin PBXFrameworksBuildPhase section */
		2F4368781F5D874F00187C6A /* Frameworks */ = {
			isa = PBXFrameworksBuildPhase;
			buildActionMask = 2147483647;
			files = (
			);
			runOnlyForDeploymentPostprocessing = 0;
		};
		2F43688C1F5D874F00187C6A /* Frameworks */ = {
			isa = PBXFrameworksBuildPhase;
			buildActionMask = 2147483647;
			files = (
			);
			runOnlyForDeploymentPostprocessing = 0;
		};
/* End PBXFrameworksBuildPhase section */

/* Begin PBXGroup section */
		2F4368721F5D874F00187C6A = {
			isa = PBXGroup;
			children = (
				2F43687D1F5D874F00187C6A /* UpComingTest */,
				2F4368921F5D874F00187C6A /* UpComingTestTests */,
				2F43687C1F5D874F00187C6A /* Products */,
			);
			sourceTree = "<group>";
		};
		2F43687C1F5D874F00187C6A /* Products */ = {
			isa = PBXGroup;
			children = (
				2F43687B1F5D874F00187C6A /* UpComingTest.app */,
				2F43688F1F5D874F00187C6A /* UpComingTestTests.xctest */,
			);
			name = Products;
			sourceTree = "<group>";
		};
		2F43687D1F5D874F00187C6A /* UpComingTest */ = {
			isa = PBXGroup;
			children = (
				2F43687E1F5D874F00187C6A /* AppDelegate.swift */,
				2F4368801F5D874F00187C6A /* ViewController.swift */,
				2F4368821F5D874F00187C6A /* Main.storyboard */,
				2F4368851F5D874F00187C6A /* Assets.xcassets */,
				2F4368871F5D874F00187C6A /* LaunchScreen.storyboard */,
				2F43688A1F5D874F00187C6A /* Info.plist */,
			);
			path = UpComingTest;
			sourceTree = "<group>";
		};
		2F4368921F5D874F00187C6A /* UpComingTestTests */ = {
			isa = PBXGroup;
			children = (
				2F4368931F5D874F00187C6A /* UpComingTestTests.swift */,
				2F4368951F5D874F00187C6A /* Info.plist */,
			);
			path = UpComingTestTests;
			sourceTree = "<group>";
		};
/* End PBXGroup section */

/* Begin PBXNativeTarget section */
		2F43687A1F5D874F00187C6A /* UpComingTest */ = {
			isa = PBXNativeTarget;
			buildConfigurationList = 2F4368981F5D874F00187C6A /* Build configuration list for PBXNativeTarget "UpComingTest" */;
			buildPhases = (
				2F4368771F5D874F00187C6A /* Sources */,
				2F4368781F5D874F00187C6A /* Frameworks */,
				2F4368791F5D874F00187C6A /* Resources */,
			);
			buildRules = (
			);
			dependencies = (
			);
			name = UpComingTest;
			productName = UpComingTest;
			productReference = 2F43687B1F5D874F00187C6A /* UpComingTest.app */;
			productType = "com.apple.product-type.application";
		};
		2F43688E1F5D874F00187C6A /* UpComingTestTests */ = {
			isa = PBXNativeTarget;
			buildConfigurationList = 2F43689B1F5D874F00187C6A /* Build configuration list for PBXNativeTarget "UpComingTestTests" */;
			buildPhases = (
				2F43688B1F5D874F00187C6A /* Sources */,
				2F43688C1F5D874F00187C6A /* Frameworks */,
				2F43688D1F5D874F00187C6A /* Resources */,
			);
			buildRules = (
			);
			dependencies = (
				2F4368911F5D874F00187C6A /* PBXTargetDependency */,
			);
			name = UpComingTestTests;
			productName = UpComingTestTests;
			productReference = 2F43688F1F5D874F00187C6A /* UpComingTestTests.xctest */;
			productType = "com.apple.product-type.bundle.unit-test";
		};
/* End PBXNativeTarget section */

/* Begin PBXProject section */
		2F4368731F5D874F00187C6A /* Project object */ = {
			isa = PBXProject;
			attributes = {
				LastSwiftUpdateCheck = 0830;
				LastUpgradeCheck = 0830;
				ORGANIZATIONNAME = Rattee;
				TargetAttributes = {
					2F43687A1F5D874F00187C6A = {
						CreatedOnToolsVersion = 8.3.3;
						DevelopmentTeam = 8PN46S26NS;
						ProvisioningStyle = Automatic;
					};
					2F43688E1F5D874F00187C6A = {
						CreatedOnToolsVersion = 8.3.3;
						DevelopmentTeam = 8PN46S26NS;
						ProvisioningStyle = Automatic;
						TestTargetID = 2F43687A1F5D874F00187C6A;
					};
				};
			};
			buildConfigurationList = 2F4368761F5D874F00187C6A /* Build configuration list for PBXProject "UpComingTest" */;
			compatibilityVersion = "Xcode 3.2";
			developmentRegion = English;
			hasScannedForEncodings = 0;
			knownRegions = (
				en,
				Base,
			);
			mainGroup = 2F4368721F5D874F00187C6A;
			productRefGroup = 2F43687C1F5D874F00187C6A /* Products */;
			projectDirPath = "";
			projectRoot = "";
			targets = (
				2F43687A1F5D874F00187C6A /* UpComingTest */,
				2F43688E1F5D874F00187C6A /* UpComingTestTests */,
			);
		};
/* End PBXProject section */

/* Begin PBXResourcesBuildPhase section */
		2F4368791F5D874F00187C6A /* Resources */ = {
			isa = PBXResourcesBuildPhase;
			buildActionMask = 2147483647;
			files = (
				2F4368891F5D874F00187C6A /* LaunchScreen.storyboard in Resources */,
				2F4368861F5D874F00187C6A /* Assets.xcassets in Resources */,
				2F4368841F5D874F00187C6A /* Main.storyboard in Resources */,
			);
			runOnlyForDeploymentPostprocessing = 0;
		};
		2F43688D1F5D874F00187C6A /* Resources */ = {
			isa = PBXResourcesBuildPhase;
			buildActionMask = 2147483647;
			files = (
			);
			runOnlyForDeploymentPostprocessing = 0;
		};
/* End PBXResourcesBuildPhase section */

/* Begin PBXSourcesBuildPhase section */
		2F4368771F5D874F00187C6A /* Sources */ = {
			isa = PBXSourcesBuildPhase;
			buildActionMask = 2147483647;
			files = (
				2F4368811F5D874F00187C6A /* ViewController.swift in Sources */,
				2F43687F1F5D874F00187C6A /* AppDelegate.swift in Sources */,
			);
			runOnlyForDeploymentPostprocessing = 0;
		};
		2F43688B1F5D874F00187C6A /* Sources */ = {
			isa = PBXSourcesBuildPhase;
			buildActionMask = 2147483647;
			files = (
				2F4368941F5D874F00187C6A /* UpComingTestTests.swift in Sources */,
			);
			runOnlyForDeploymentPostprocessing = 0;
		};
/* End PBXSourcesBuildPhase section */

/* Begin PBXTargetDependency section */
		2F4368911F5D874F00187C6A /* PBXTargetDependency */ = {
			isa = PBXTargetDependency;
			target = 2F43687A1F5D874F00187C6A /* UpComingTest */;
			targetProxy = 2F4368901F5D874F00187C6A /* PBXContainerItemProxy */;
		};
/* End PBXTargetDependency section */

/* Begin PBXVariantGroup section */
		2F4368821F5D874F00187C6A /* Main.storyboard */ = {
			isa = PBXVariantGroup;
			children = (
				2F4368831F5D874F00187C6A /* Base */,
			);
			name = Main.storyboard;
			sourceTree = "<group>";
		};
		2F4368871F5D874F00187C6A /* LaunchScreen.storyboard */ = {
			isa = PBXVariantGroup;
			children = (
				2F4368881F5D874F00187C6A /* Base */,
			);
			name = LaunchScreen.storyboard;
			sourceTree = "<group>";
		};
/* End PBXVariantGroup section */

/* Begin XCBuildConfiguration section */
		2F4368961F5D874F00187C6A /* Debug */ = {
			isa = XCBuildConfiguration;
			buildSettings = {
				ALWAYS_SEARCH_USER_PATHS = NO;
				CLANG_ANALYZER_NONNULL = YES;
				CLANG_ANALYZER_NUMBER_OBJECT_CONVERSION = YES_AGGRESSIVE;
				CLANG_CXX_LANGUAGE_STANDARD = "gnu++0x";
				CLANG_CXX_LIBRARY = "libc++";
				CLANG_ENABLE_MODULES = YES;
				CLANG_ENABLE_OBJC_ARC = YES;
				CLANG_WARN_BOOL_CONVERSION = YES;
				CLANG_WARN_CONSTANT_CONVERSION = YES;
				CLANG_WARN_DIRECT_OBJC_ISA_USAGE = YES_ERROR;
				CLANG_WARN_DOCUMENTATION_COMMENTS = YES;
				CLANG_WARN_EMPTY_BODY = YES;
				CLANG_WARN_ENUM_CONVERSION = YES;
				CLANG_WARN_INFINITE_RECURSION = YES;
				CLANG_WARN_INT_CONVERSION = YES;
				CLANG_WARN_OBJC_ROOT_CLASS = YES_ERROR;
				CLANG_WARN_SUSPICIOUS_MOVE = YES;
				CLANG_WARN_UNREACHABLE_CODE = YES;
				CLANG_WARN__DUPLICATE_METHOD_MATCH = YES;
				"CODE_SIGN_IDENTITY[sdk=iphoneos*]" = "iPhone Developer";
				COPY_PHASE_STRIP = NO;
				DEBUG_INFORMATION_FORMAT = dwarf;
				ENABLE_STRICT_OBJC_MSGSEND = YES;
				ENABLE_TESTABILITY = YES;
				GCC_C_LANGUAGE_STANDARD = gnu99;
				GCC_DYNAMIC_NO_PIC = NO;
				GCC_NO_COMMON_BLOCKS = YES;
				GCC_OPTIMIZATION_LEVEL = 0;
				GCC_PREPROCESSOR_DEFINITIONS = (
					"DEBUG=1",
					"$(inherited)",
				);
				GCC_WARN_64_TO_32_BIT_CONVERSION = YES;
				GCC_WARN_ABOUT_RETURN_TYPE = YES_ERROR;
				GCC_WARN_UNDECLARED_SELECTOR = YES;
				GCC_WARN_UNINITIALIZED_AUTOS = YES_AGGRESSIVE;
				GCC_WARN_UNUSED_FUNCTION = YES;
				GCC_WARN_UNUSED_VARIABLE = YES;
				IPHONEOS_DEPLOYMENT_TARGET = 10.3;
				MTL_ENABLE_DEBUG_INFO = YES;
				ONLY_ACTIVE_ARCH = YES;
				SDKROOT = iphoneos;
				SWIFT_ACTIVE_COMPILATION_CONDITIONS = DEBUG;
				SWIFT_OPTIMIZATION_LEVEL = "-Onone";
			};
			name = Debug;
		};
		2F4368971F5D874F00187C6A /* Release */ = {
			isa = XCBuildConfiguration;
			buildSettings = {
				ALWAYS_SEARCH_USER_PATHS = NO;
				CLANG_ANALYZER_NONNULL = YES;
				CLANG_ANALYZER_NUMBER_OBJECT_CONVERSION = YES_AGGRESSIVE;
				CLANG_CXX_LANGUAGE_STANDARD = "gnu++0x";
				CLANG_CXX_LIBRARY = "libc++";
				CLANG_ENABLE_MODULES = YES;
				CLANG_ENABLE_OBJC_ARC = YES;
				CLANG_WARN_BOOL_CONVERSION = YES;
				CLANG_WARN_CONSTANT_CONVERSION = YES;
				CLANG_WARN_DIRECT_OBJC_ISA_USAGE = YES_ERROR;
				CLANG_WARN_DOCUMENTATION_COMMENTS = YES;
				CLANG_WARN_EMPTY_BODY = YES;
				CLANG_WARN_ENUM_CONVERSION = YES;
				CLANG_WARN_INFINITE_RECURSION = YES;
				CLANG_WARN_INT_CONVERSION = YES;
				CLANG_WARN_OBJC_ROOT_CLASS = YES_ERROR;
				CLANG_WARN_SUSPICIOUS_MOVE = YES;
				CLANG_WARN_UNREACHABLE_CODE = YES;
				CLANG_WARN__DUPLICATE_METHOD_MATCH = YES;
				"CODE_SIGN_IDENTITY[sdk=iphoneos*]" = "iPhone Developer";
				COPY_PHASE_STRIP = NO;
				DEBUG_INFORMATION_FORMAT = "dwarf-with-dsym";
				ENABLE_NS_ASSERTIONS = NO;
				ENABLE_STRICT_OBJC_MSGSEND = YES;
				GCC_C_LANGUAGE_STANDARD = gnu99;
				GCC_NO_COMMON_BLOCKS = YES;
				GCC_WARN_64_TO_32_BIT_CONVERSION = YES;
				GCC_WARN_ABOUT_RETURN_TYPE = YES_ERROR;
				GCC_WARN_UNDECLARED_SELECTOR = YES;
				GCC_WARN_UNINITIALIZED_AUTOS = YES_AGGRESSIVE;
				GCC_WARN_UNUSED_FUNCTION = YES;
				GCC_WARN_UNUSED_VARIABLE = YES;
				IPHONEOS_DEPLOYMENT_TARGET = 10.3;
				MTL_ENABLE_DEBUG_INFO = NO;
				SDKROOT = iphoneos;
				SWIFT_OPTIMIZATION_LEVEL = "-Owholemodule";
				VALIDATE_PRODUCT = YES;
			};
			name = Release;
		};
		2F4368991F5D874F00187C6A /* Debug */ = {
			isa = XCBuildConfiguration;
			buildSettings = {
				ASSETCATALOG_COMPILER_APPICON_NAME = AppIcon;
				DEVELOPMENT_TEAM = 8PN46S26NS;
				INFOPLIST_FILE = UpComingTest/Info.plist;
				LD_RUNPATH_SEARCH_PATHS = "$(inherited) @executable_path/Frameworks";
				PRODUCT_BUNDLE_IDENTIFIER = com.rattee.UpComingTest;
				PRODUCT_NAME = "$(TARGET_NAME)";
				SWIFT_VERSION = 3.0;
			};
			name = Debug;
		};
		2F43689A1F5D874F00187C6A /* Release */ = {
			isa = XCBuildConfiguration;
			buildSettings = {
				ASSETCATALOG_COMPILER_APPICON_NAME = AppIcon;
				DEVELOPMENT_TEAM = 8PN46S26NS;
				INFOPLIST_FILE = UpComingTest/Info.plist;
				LD_RUNPATH_SEARCH_PATHS = "$(inherited) @executable_path/Frameworks";
				PRODUCT_BUNDLE_IDENTIFIER = com.rattee.UpComingTest;
				PRODUCT_NAME = "$(TARGET_NAME)";
				SWIFT_VERSION = 3.0;
			};
			name = Release;
		};
		2F43689C1F5D874F00187C6A /* Debug */ = {
			isa = XCBuildConfiguration;
			buildSettings = {
				ALWAYS_EMBED_SWIFT_STANDARD_LIBRARIES = YES;
				BUNDLE_LOADER = "$(TEST_HOST)";
				DEVELOPMENT_TEAM = 8PN46S26NS;
				INFOPLIST_FILE = UpComingTestTests/Info.plist;
				LD_RUNPATH_SEARCH_PATHS = "$(inherited) @executable_path/Frameworks @loader_path/Frameworks";
				PRODUCT_BUNDLE_IDENTIFIER = com.rattee.UpComingTestTests;
				PRODUCT_NAME = "$(TARGET_NAME)";
				SWIFT_VERSION = 3.0;
				TEST_HOST = "$(BUILT_PRODUCTS_DIR)/UpComingTest.app/UpComingTest";
			};
			name = Debug;
		};
		2F43689D1F5D874F00187C6A /* Release */ = {
			isa = XCBuildConfiguration;
			buildSettings = {
				ALWAYS_EMBED_SWIFT_STANDARD_LIBRARIES = YES;
				BUNDLE_LOADER = "$(TEST_HOST)";
				DEVELOPMENT_TEAM = 8PN46S26NS;
				INFOPLIST_FILE = UpComingTestTests/Info.plist;
				LD_RUNPATH_SEARCH_PATHS = "$(inherited) @executable_path/Frameworks @loader_path/Frameworks";
				PRODUCT_BUNDLE_IDENTIFIER = com.rattee.UpComingTestTests;
				PRODUCT_NAME = "$(TARGET_NAME)";
				SWIFT_VERSION = 3.0;
				TEST_HOST = "$(BUILT_PRODUCTS_DIR)/UpComingTest.app/UpComingTest";
			};
			name = Release;
		};
/* End XCBuildConfiguration section */

/* Begin XCConfigurationList section */
		2F4368761F5D874F00187C6A /* Build configuration list for PBXProject "UpComingTest" */ = {
			isa = XCConfigurationList;
			buildConfigurations = (
				2F4368961F5D874F00187C6A /* Debug */,
				2F4368971F5D874F00187C6A /* Release */,
			);
			defaultConfigurationIsVisible = 0;
			defaultConfigurationName = Release;
		};
		2F4368981F5D874F00187C6A /* Build configuration list for PBXNativeTarget "UpComingTest" */ = {
			isa = XCConfigurationList;
			buildConfigurations = (
				2F4368991F5D874F00187C6A /* Debug */,
				2F43689A1F5D874F00187C6A /* Release */,
			);
			defaultConfigurationIsVisible = 0;
		};
		2F43689B1F5D874F00187C6A /* Build configuration list for PBXNativeTarget "UpComingTestTests" */ = {
			isa = XCConfigurationList;
			buildConfigurations = (
				2F43689C1F5D874F00187C6A /* Debug */,
				2F43689D1F5D874F00187C6A /* Release */,
			);
			defaultConfigurationIsVisible = 0;
		};
/* End XCConfigurationList section */
	};
	rootObject = 2F4368731F5D874F00187C6A /* Project object */;
}
